
Microsoft Visual Studio Solution File, Format Version 12.00
# Visual Studio Version 17
VisualStudioVersion = 17.3.32825.248
MinimumVisualStudioVersion = 10.0.40219.1
Project("{FAE04EC0-301F-11D3-BF4B-00C04F79EFBC}") = "InterfaceAndEnurable", "InterfaceAndEnurable\InterfaceAndEnurable.csproj", "{D62BAEAE-1381-42ED-8315-51E42056FCFA}"
EndProject
Global
	GlobalSection(SolutionConfigurationPlatforms) = preSolution
		Debug|Any CPU = Debug|Any CPU
		Release|Any CPU = Release|Any CPU
	EndGlobalSection
	GlobalSection(ProjectConfigurationPlatforms) = postSolution
		{D62BAEAE-1381-42ED-8315-51E42056FCFA}.Debug|Any CPU.ActiveCfg = Debug|Any CPU
		{D62BAEAE-1381-42ED-8315-51E42056FCFA}.Debug|Any CPU.Build.0 = Debug|Any CPU
		{D62BAEAE-1381-42ED-8315-51E42056FCFA}.Release|Any CPU.ActiveCfg = Release|Any CPU
		{D62BAEAE-1381-42ED-8315-51E42056FCFA}.Release|Any CPU.Build.0 = Release|Any CPU
	EndGlobalSection
	GlobalSection(SolutionProperties) = preSolution
		HideSolutionNode = FALSE
	EndGlobalSection
	GlobalSection(ExtensibilityGlobals) = postSolution
		SolutionGuid = {5196128D-382D-4AE8-A9BE-95D48863E632}
	EndGlobalSection
EndGlobal
