
Microsoft Visual Studio Solution File, Format Version 12.00
# Visual Studio Version 17
VisualStudioVersion = 17.3.32825.248
MinimumVisualStudioVersion = 10.0.40219.1
Project("{FAE04EC0-301F-11D3-BF4B-00C04F79EFBC}") = "WPF_app", "WPF_app\WPF_app.csproj", "{EC7E0927-3624-4A5E-8CDE-57CAF0B5FC74}"
EndProject
Global
	GlobalSection(SolutionConfigurationPlatforms) = preSolution
		Debug|Any CPU = Debug|Any CPU
		Release|Any CPU = Release|Any CPU
	EndGlobalSection
	GlobalSection(ProjectConfigurationPlatforms) = postSolution
		{EC7E0927-3624-4A5E-8CDE-57CAF0B5FC74}.Debug|Any CPU.ActiveCfg = Debug|Any CPU
		{EC7E0927-3624-4A5E-8CDE-57CAF0B5FC74}.Debug|Any CPU.Build.0 = Debug|Any CPU
		{EC7E0927-3624-4A5E-8CDE-57CAF0B5FC74}.Release|Any CPU.ActiveCfg = Release|Any CPU
		{EC7E0927-3624-4A5E-8CDE-57CAF0B5FC74}.Release|Any CPU.Build.0 = Release|Any CPU
	EndGlobalSection
	GlobalSection(SolutionProperties) = preSolution
		HideSolutionNode = FALSE
	EndGlobalSection
	GlobalSection(ExtensibilityGlobals) = postSolution
		SolutionGuid = {1DF09F51-0044-4B65-BAC5-E98F656891B5}
	EndGlobalSection
EndGlobal
