
Microsoft Visual Studio Solution File, Format Version 12.00
# Visual Studio Version 17
VisualStudioVersion = 17.3.32825.248
MinimumVisualStudioVersion = 10.0.40219.1
Project("{FAE04EC0-301F-11D3-BF4B-00C04F79EFBC}") = "Polyphorm", "Polyphorm\Polyphorm.csproj", "{D80A3C6C-F92F-4E65-BA2E-2F5AB3B2FAFD}"
EndProject
Global
	GlobalSection(SolutionConfigurationPlatforms) = preSolution
		Debug|Any CPU = Debug|Any CPU
		Release|Any CPU = Release|Any CPU
	EndGlobalSection
	GlobalSection(ProjectConfigurationPlatforms) = postSolution
		{D80A3C6C-F92F-4E65-BA2E-2F5AB3B2FAFD}.Debug|Any CPU.ActiveCfg = Debug|Any CPU
		{D80A3C6C-F92F-4E65-BA2E-2F5AB3B2FAFD}.Debug|Any CPU.Build.0 = Debug|Any CPU
		{D80A3C6C-F92F-4E65-BA2E-2F5AB3B2FAFD}.Release|Any CPU.ActiveCfg = Release|Any CPU
		{D80A3C6C-F92F-4E65-BA2E-2F5AB3B2FAFD}.Release|Any CPU.Build.0 = Release|Any CPU
	EndGlobalSection
	GlobalSection(SolutionProperties) = preSolution
		HideSolutionNode = FALSE
	EndGlobalSection
	GlobalSection(ExtensibilityGlobals) = postSolution
		SolutionGuid = {B10EECA7-5766-4049-99E9-68A5E72D2096}
	EndGlobalSection
EndGlobal
